// !$*UTF8*$!
{
	archiveVersion = 1;
	classes = {
	};
	objectVersion = 77;
	objects = {

/* Begin PBXBuildFile section */
		003BF18315D7A8A5C765B139 /* User.swift in Sources */ = {isa = PBXBuildFile; fileRef = 20730FB7B9539CF5C83DC96C /* User.swift */; };
		0483F1AC6D52EE3FF4DB65CA /* Wishlist.swift in Sources */ = {isa = PBXBuildFile; fileRef = 5C4FD76D1033597C689715CF /* Wishlist.swift */; };
		0E181F5C93956193A9C973FF /* KeychainAccess in Frameworks */ = {isa = PBXBuildFile; productRef = A41A08958997463913990A50 /* KeychainAccess */; };
		12A5BE09CB21185E95ED9FB0 /* DataController.swift in Sources */ = {isa = PBXBuildFile; fileRef = 94C21B8616902E9B9FD34052 /* DataController.swift */; };
		166315834731EC0D5BFCC7B3 /* ProfileNavigationView.swift in Sources */ = {isa = PBXBuildFile; fileRef = 2BA4BE8869DDA860F2CDC0B0 /* ProfileNavigationView.swift */; };
		1F63CD599174028CBADF9C1D /* APIClient.swift in Sources */ = {isa = PBXBuildFile; fileRef = B02D679C1CAA712E5A796A2D /* APIClient.swift */; };
		2FCA09904E37622149AB383E /* ProfileView.swift in Sources */ = {isa = PBXBuildFile; fileRef = 24551B7907A39CD81A73FFF3 /* ProfileView.swift */; };
		33558C0C2EF046442E9ACA0D /* WishlistsView.swift in Sources */ = {isa = PBXBuildFile; fileRef = B3E20E2D3670EC6441129DDC /* WishlistsView.swift */; };
		335D08C1CF9A56B5813CE2DB /* WishlistsNavigationView.swift in Sources */ = {isa = PBXBuildFile; fileRef = 1F64A6CBD5F2F69FDD4C6EF9 /* WishlistsNavigationView.swift */; };
		41D5AC089F9B06ADBC2F752C /* SettingsView.swift in Sources */ = {isa = PBXBuildFile; fileRef = 36FF39E49B902A2CB75F84BF /* SettingsView.swift */; };
		47D4493F9E160DE8EEB1DC78 /* Assets.xcassets in Resources */ = {isa = PBXBuildFile; fileRef = FDAF2FB01DE142F18F19867A /* Assets.xcassets */; };
		51A48FED941BF96B2D6AAB05 /* DependencyContainer.swift in Sources */ = {isa = PBXBuildFile; fileRef = 1E2A8057238F424BAF08373C /* DependencyContainer.swift */; };
		54C0AA9BA2B59453E3817D10 /* Kingfisher in Frameworks */ = {isa = PBXBuildFile; productRef = 60E8F52D8982761F7A1EB8AA /* Kingfisher */; };
		5C508646A400E1E62B8C57FB /* Localizable.strings in Resources */ = {isa = PBXBuildFile; fileRef = 34A17F0E36E2800CEE4C1EF7 /* Localizable.strings */; };
		629ED2B3450601D44A198638 /* ViewState.swift in Sources */ = {isa = PBXBuildFile; fileRef = FD4447E5509AEBF331CBB411 /* ViewState.swift */; };
		6BA5811E25A1FFE9561B4CF2 /* WishlistItem.swift in Sources */ = {isa = PBXBuildFile; fileRef = E2206A0889E47DAA18C0E152 /* WishlistItem.swift */; };
		73F30B4E6B60CF3116847B92 /* NavigationCoordinator.swift in Sources */ = {isa = PBXBuildFile; fileRef = 98D2DD0C7810392F2C93C6AD /* NavigationCoordinator.swift */; };
		78A07E078298173B4568D644 /* Color+App.swift in Sources */ = {isa = PBXBuildFile; fileRef = D7B8FA5B755FDF7BFCF54261 /* Color+App.swift */; };
		7F77D5CD9F7AB0B15BFCBB7E /* AuthenticationView.swift in Sources */ = {isa = PBXBuildFile; fileRef = 6CBE25304F9D3E405E1D5080 /* AuthenticationView.swift */; };
		86C605F5CD3C70658CE4D557 /* SharedWishlistsView.swift in Sources */ = {isa = PBXBuildFile; fileRef = 1D56D4E5E4D1A5AAD33E9AE0 /* SharedWishlistsView.swift */; };
		8EE52BACC339084679433C7F /* NetworkMonitor.swift in Sources */ = {isa = PBXBuildFile; fileRef = C60CB3F316EFAEEEBFE70279 /* NetworkMonitor.swift */; };
		9C22DE6FC46EA1F9B98169BA /* MainTabView.swift in Sources */ = {isa = PBXBuildFile; fileRef = 4B3A223C45845C16B35F2C30 /* MainTabView.swift */; };
		B561EB6EF0CA5D1543435B78 /* CreateWishlistView.swift in Sources */ = {isa = PBXBuildFile; fileRef = C3BC14B0E67137307DF590E7 /* CreateWishlistView.swift */; };
		B5A7DCD4C936079009EEAFFB /* KeychainService.swift in Sources */ = {isa = PBXBuildFile; fileRef = 2521743D429F223440C3ABB6 /* KeychainService.swift */; };
		B5D9360CEA5ACF1559245BF7 /* RootView.swift in Sources */ = {isa = PBXBuildFile; fileRef = B16BC562E14227077EF35DD1 /* RootView.swift */; };
		B89047D20BA2F3A5537CB435 /* ItemDetailView.swift in Sources */ = {isa = PBXBuildFile; fileRef = C68193E31E9CEEA351CC730E /* ItemDetailView.swift */; };
		BB971E1E98328A60BAFB8654 /* SyncOperation.swift in Sources */ = {isa = PBXBuildFile; fileRef = 1F777E510BED3A5433C7A084 /* SyncOperation.swift */; };
		CD815A7D6681D214DF4182E4 /* WishWithMeApp.swift in Sources */ = {isa = PBXBuildFile; fileRef = D577CEA9ECA0C1D62FC4EDA9 /* WishWithMeApp.swift */; };
		DDE833985392AF1756975F93 /* WishlistDetailView.swift in Sources */ = {isa = PBXBuildFile; fileRef = 2CD82CFF837699A1D238F2EF /* WishlistDetailView.swift */; };
		E979080C1635096447D3CCCD /* APIEndpoint.swift in Sources */ = {isa = PBXBuildFile; fileRef = 070ED48B3C2C08ABFD78B7FB /* APIEndpoint.swift */; };
		EE903A88552FFFA99DA05AE8 /* APIError.swift in Sources */ = {isa = PBXBuildFile; fileRef = 31AB3160A1ABBDFC2B463D17 /* APIError.swift */; };
		F80397445F2D6C6D05700CAD /* EditProfileView.swift in Sources */ = {isa = PBXBuildFile; fileRef = DC5BD9A2B351505F686195DA /* EditProfileView.swift */; };
		FAB2B3D9E655CE4D838D9FD4 /* AuthManager.swift in Sources */ = {isa = PBXBuildFile; fileRef = 6BF011ADA276AEE36EEA294D /* AuthManager.swift */; };
/* End PBXBuildFile section */

/* Begin PBXContainerItemProxy section */
		D4D11B1F5121995B2AEEB549 /* PBXContainerItemProxy */ = {
			isa = PBXContainerItemProxy;
			containerPortal = 2EBC0773DE924ECB45785F72 /* Project object */;
			proxyType = 1;
			remoteGlobalIDString = C6706A95E028B235C1E1E2EF;
			remoteInfo = WishWithMe;
		};
		F9093ED56D2F1754F73D3F25 /* PBXContainerItemProxy */ = {
			isa = PBXContainerItemProxy;
			containerPortal = 2EBC0773DE924ECB45785F72 /* Project object */;
			proxyType = 1;
			remoteGlobalIDString = C6706A95E028B235C1E1E2EF;
			remoteInfo = WishWithMe;
		};
/* End PBXContainerItemProxy section */

/* Begin PBXFileReference section */
		070ED48B3C2C08ABFD78B7FB /* APIEndpoint.swift */ = {isa = PBXFileReference; lastKnownFileType = sourcecode.swift; path = APIEndpoint.swift; sourceTree = "<group>"; };
		1D56D4E5E4D1A5AAD33E9AE0 /* SharedWishlistsView.swift */ = {isa = PBXFileReference; lastKnownFileType = sourcecode.swift; path = SharedWishlistsView.swift; sourceTree = "<group>"; };
		1E2A8057238F424BAF08373C /* DependencyContainer.swift */ = {isa = PBXFileReference; lastKnownFileType = sourcecode.swift; path = DependencyContainer.swift; sourceTree = "<group>"; };
		1F64A6CBD5F2F69FDD4C6EF9 /* WishlistsNavigationView.swift */ = {isa = PBXFileReference; lastKnownFileType = sourcecode.swift; path = WishlistsNavigationView.swift; sourceTree = "<group>"; };
		1F777E510BED3A5433C7A084 /* SyncOperation.swift */ = {isa = PBXFileReference; lastKnownFileType = sourcecode.swift; path = SyncOperation.swift; sourceTree = "<group>"; };
		20730FB7B9539CF5C83DC96C /* User.swift */ = {isa = PBXFileReference; lastKnownFileType = sourcecode.swift; path = User.swift; sourceTree = "<group>"; };
		24551B7907A39CD81A73FFF3 /* ProfileView.swift */ = {isa = PBXFileReference; lastKnownFileType = sourcecode.swift; path = ProfileView.swift; sourceTree = "<group>"; };
		2521743D429F223440C3ABB6 /* KeychainService.swift */ = {isa = PBXFileReference; lastKnownFileType = sourcecode.swift; path = KeychainService.swift; sourceTree = "<group>"; };
		2BA4BE8869DDA860F2CDC0B0 /* ProfileNavigationView.swift */ = {isa = PBXFileReference; lastKnownFileType = sourcecode.swift; path = ProfileNavigationView.swift; sourceTree = "<group>"; };
		2CD82CFF837699A1D238F2EF /* WishlistDetailView.swift */ = {isa = PBXFileReference; lastKnownFileType = sourcecode.swift; path = WishlistDetailView.swift; sourceTree = "<group>"; };
		31AB3160A1ABBDFC2B463D17 /* APIError.swift */ = {isa = PBXFileReference; lastKnownFileType = sourcecode.swift; path = APIError.swift; sourceTree = "<group>"; };
		36FF39E49B902A2CB75F84BF /* SettingsView.swift */ = {isa = PBXFileReference; lastKnownFileType = sourcecode.swift; path = SettingsView.swift; sourceTree = "<group>"; };
		4B3A223C45845C16B35F2C30 /* MainTabView.swift */ = {isa = PBXFileReference; lastKnownFileType = sourcecode.swift; path = MainTabView.swift; sourceTree = "<group>"; };
		50DB029165CCABD833F2CA48 /* en */ = {isa = PBXFileReference; lastKnownFileType = text.plist.strings; name = en; path = en.lproj/Localizable.strings; sourceTree = "<group>"; };
		5C4FD76D1033597C689715CF /* Wishlist.swift */ = {isa = PBXFileReference; lastKnownFileType = sourcecode.swift; path = Wishlist.swift; sourceTree = "<group>"; };
		6138D541D936035F7E6456FF /* ru */ = {isa = PBXFileReference; lastKnownFileType = text.plist.strings; name = ru; path = ru.lproj/Localizable.strings; sourceTree = "<group>"; };
		6B98CCF03FA75D43B4A29EC1 /* Info.plist */ = {isa = PBXFileReference; lastKnownFileType = text.plist; path = Info.plist; sourceTree = "<group>"; };
		6BF011ADA276AEE36EEA294D /* AuthManager.swift */ = {isa = PBXFileReference; lastKnownFileType = sourcecode.swift; path = AuthManager.swift; sourceTree = "<group>"; };
		6C9DC7BE41D85CCF2B0A604C /* WishWithMeTests.xctest */ = {isa = PBXFileReference; includeInIndex = 0; lastKnownFileType = wrapper.cfbundle; path = WishWithMeTests.xctest; sourceTree = BUILT_PRODUCTS_DIR; };
		6CBE25304F9D3E405E1D5080 /* AuthenticationView.swift */ = {isa = PBXFileReference; lastKnownFileType = sourcecode.swift; path = AuthenticationView.swift; sourceTree = "<group>"; };
		75ACFE9A8508D8785B5E1BC3 /* WishWithMe.entitlements */ = {isa = PBXFileReference; lastKnownFileType = text.plist.entitlements; path = WishWithMe.entitlements; sourceTree = "<group>"; };
		7F0B4C7BC8F8A9E208E37120 /* WishWithMe.app */ = {isa = PBXFileReference; includeInIndex = 0; lastKnownFileType = wrapper.application; path = WishWithMe.app; sourceTree = BUILT_PRODUCTS_DIR; };
		94C21B8616902E9B9FD34052 /* DataController.swift */ = {isa = PBXFileReference; lastKnownFileType = sourcecode.swift; path = DataController.swift; sourceTree = "<group>"; };
		98D2DD0C7810392F2C93C6AD /* NavigationCoordinator.swift */ = {isa = PBXFileReference; lastKnownFileType = sourcecode.swift; path = NavigationCoordinator.swift; sourceTree = "<group>"; };
		9B42AF8C88A0D5668A3C71F4 /* Info.plist */ = {isa = PBXFileReference; lastKnownFileType = text.plist; path = Info.plist; sourceTree = "<group>"; };
		B02D679C1CAA712E5A796A2D /* APIClient.swift */ = {isa = PBXFileReference; lastKnownFileType = sourcecode.swift; path = APIClient.swift; sourceTree = "<group>"; };
		B16BC562E14227077EF35DD1 /* RootView.swift */ = {isa = PBXFileReference; lastKnownFileType = sourcecode.swift; path = RootView.swift; sourceTree = "<group>"; };
		B3E20E2D3670EC6441129DDC /* WishlistsView.swift */ = {isa = PBXFileReference; lastKnownFileType = sourcecode.swift; path = WishlistsView.swift; sourceTree = "<group>"; };
		C3BC14B0E67137307DF590E7 /* CreateWishlistView.swift */ = {isa = PBXFileReference; lastKnownFileType = sourcecode.swift; path = CreateWishlistView.swift; sourceTree = "<group>"; };
		C60CB3F316EFAEEEBFE70279 /* NetworkMonitor.swift */ = {isa = PBXFileReference; lastKnownFileType = sourcecode.swift; path = NetworkMonitor.swift; sourceTree = "<group>"; };
		C68193E31E9CEEA351CC730E /* ItemDetailView.swift */ = {isa = PBXFileReference; lastKnownFileType = sourcecode.swift; path = ItemDetailView.swift; sourceTree = "<group>"; };
		D577CEA9ECA0C1D62FC4EDA9 /* WishWithMeApp.swift */ = {isa = PBXFileReference; lastKnownFileType = sourcecode.swift; path = WishWithMeApp.swift; sourceTree = "<group>"; };
		D7B8FA5B755FDF7BFCF54261 /* Color+App.swift */ = {isa = PBXFileReference; lastKnownFileType = sourcecode.swift; path = "Color+App.swift"; sourceTree = "<group>"; };
		DC5BD9A2B351505F686195DA /* EditProfileView.swift */ = {isa = PBXFileReference; lastKnownFileType = sourcecode.swift; path = EditProfileView.swift; sourceTree = "<group>"; };
		DEB443AF8530FFE36ECF63C1 /* Info.plist */ = {isa = PBXFileReference; lastKnownFileType = text.plist; path = Info.plist; sourceTree = "<group>"; };
		E2206A0889E47DAA18C0E152 /* WishlistItem.swift */ = {isa = PBXFileReference; lastKnownFileType = sourcecode.swift; path = WishlistItem.swift; sourceTree = "<group>"; };
		E4D475401DA1D2126ED40701 /* WishWithMeUITests.xctest */ = {isa = PBXFileReference; includeInIndex = 0; lastKnownFileType = wrapper.cfbundle; path = WishWithMeUITests.xctest; sourceTree = BUILT_PRODUCTS_DIR; };
		FD4447E5509AEBF331CBB411 /* ViewState.swift */ = {isa = PBXFileReference; lastKnownFileType = sourcecode.swift; path = ViewState.swift; sourceTree = "<group>"; };
		FDAF2FB01DE142F18F19867A /* Assets.xcassets */ = {isa = PBXFileReference; lastKnownFileType = folder.assetcatalog; path = Assets.xcassets; sourceTree = "<group>"; };
/* End PBXFileReference section */

/* Begin PBXFrameworksBuildPhase section */
		10F0BDE8D0D558F05A357E42 /* Frameworks */ = {
			isa = PBXFrameworksBuildPhase;
			buildActionMask = 2147483647;
			files = (
				0E181F5C93956193A9C973FF /* KeychainAccess in Frameworks */,
				54C0AA9BA2B59453E3817D10 /* Kingfisher in Frameworks */,
			);
			runOnlyForDeploymentPostprocessing = 0;
		};
/* End PBXFrameworksBuildPhase section */

/* Begin PBXGroup section */
		0B7DA541AC51C04E8A4DBFEA /* Components */ = {
			isa = PBXGroup;
			children = (
			);
			path = Components;
			sourceTree = "<group>";
		};
		10536C3A31B89AC4F5D8DFC4 /* Features */ = {
			isa = PBXGroup;
			children = (
				E512E25F6BCE673F692AE36C /* Auth */,
				3D0EAB0C35A0AA0F0DF94405 /* Items */,
				46603A0C7B63141726B9DE43 /* Profile */,
				30DBA66A514934F980F83000 /* Shared */,
				B31F47594060A871A2BB2A18 /* Sharing */,
				FC1FB1CC875000E18E25354D /* Wishlists */,
			);
			path = Features;
			sourceTree = "<group>";
		};
		27DC1912C608E7C618C493C0 /* WishWithMeTests */ = {
			isa = PBXGroup;
			children = (
				E400157E8803BD23C86C5040 /* APIClientTests */,
				9C47C5A37EA13385D114FD15 /* ModelTests */,
				5329E715EEEB4285D31CE45A /* SyncEngineTests */,
				70DAA29002A22FB022E49066 /* ViewModelTests */,
				6B98CCF03FA75D43B4A29EC1 /* Info.plist */,
			);
			path = WishWithMeTests;
			sourceTree = "<group>";
		};
		30DBA66A514934F980F83000 /* Shared */ = {
			isa = PBXGroup;
			children = (
				0B7DA541AC51C04E8A4DBFEA /* Components */,
				5379E1C5166C71785532E873 /* Modifiers */,
				A92339BF17A460289C4D28D4 /* ViewModels */,
				3F8FE5BFC28462134E9242AC /* Views */,
			);
			path = Shared;
			sourceTree = "<group>";
		};
		3D0EAB0C35A0AA0F0DF94405 /* Items */ = {
			isa = PBXGroup;
			children = (
				CFF78261488AA05382F73980 /* ViewModels */,
				D00F5D9A51188815EEB1B4FD /* Views */,
			);
			path = Items;
			sourceTree = "<group>";
		};
		3F8FE5BFC28462134E9242AC /* Views */ = {
			isa = PBXGroup;
			children = (
			);
			path = Views;
			sourceTree = "<group>";
		};
		46603A0C7B63141726B9DE43 /* Profile */ = {
			isa = PBXGroup;
			children = (
				9A61718A5629C76B640E0E6C /* ViewModels */,
				491F42AAA48F403756ABB022 /* Views */,
			);
			path = Profile;
			sourceTree = "<group>";
		};
		491F42AAA48F403756ABB022 /* Views */ = {
			isa = PBXGroup;
			children = (
				DC5BD9A2B351505F686195DA /* EditProfileView.swift */,
				2BA4BE8869DDA860F2CDC0B0 /* ProfileNavigationView.swift */,
				24551B7907A39CD81A73FFF3 /* ProfileView.swift */,
				36FF39E49B902A2CB75F84BF /* SettingsView.swift */,
			);
			path = Views;
			sourceTree = "<group>";
		};
		4A0E54B403BC8DDF974E38A7 /* ViewModels */ = {
			isa = PBXGroup;
			children = (
			);
			path = ViewModels;
			sourceTree = "<group>";
		};
		5045633E4CE0E96969AB838F /* Extensions */ = {
			isa = PBXGroup;
			children = (
				D7B8FA5B755FDF7BFCF54261 /* Color+App.swift */,
				FD4447E5509AEBF331CBB411 /* ViewState.swift */,
			);
			path = Extensions;
			sourceTree = "<group>";
		};
		5329E715EEEB4285D31CE45A /* SyncEngineTests */ = {
			isa = PBXGroup;
			children = (
			);
			path = SyncEngineTests;
			sourceTree = "<group>";
		};
		5379E1C5166C71785532E873 /* Modifiers */ = {
			isa = PBXGroup;
			children = (
			);
			path = Modifiers;
			sourceTree = "<group>";
		};
		5AC9C0B831A63FA8569B8F89 /* Resources */ = {
			isa = PBXGroup;
			children = (
				FDAF2FB01DE142F18F19867A /* Assets.xcassets */,
				DEB443AF8530FFE36ECF63C1 /* Info.plist */,
				34A17F0E36E2800CEE4C1EF7 /* Localizable.strings */,
				75ACFE9A8508D8785B5E1BC3 /* WishWithMe.entitlements */,
			);
			path = Resources;
			sourceTree = "<group>";
		};
		631CF8EE96B5F67D794E7263 /* ViewModels */ = {
			isa = PBXGroup;
			children = (
			);
			path = ViewModels;
			sourceTree = "<group>";
		};
		704C135217A899ABAE70C482 /* Views */ = {
			isa = PBXGroup;
			children = (
			);
			path = Views;
			sourceTree = "<group>";
		};
		70DAA29002A22FB022E49066 /* ViewModelTests */ = {
			isa = PBXGroup;
			children = (
			);
			path = ViewModelTests;
			sourceTree = "<group>";
		};
		73797E812C28C4955953C5E9 /* WishWithMe */ = {
			isa = PBXGroup;
			children = (
				B70736D81FA39C7FD3B8D775 /* App */,
				A3A946D6D81DD459F7E7CE8E /* Core */,
				10536C3A31B89AC4F5D8DFC4 /* Features */,
				8899AD1414D6E39D2619A937 /* Models */,
				5AC9C0B831A63FA8569B8F89 /* Resources */,
			);
			path = WishWithMe;
			sourceTree = "<group>";
		};
		7464C97B45DC845C32F36836 /* Persistence */ = {
			isa = PBXGroup;
			children = (
				94C21B8616902E9B9FD34052 /* DataController.swift */,
			);
			path = Persistence;
			sourceTree = "<group>";
		};
		78B1D5B932D40A304FCA2C37 /* Views */ = {
			isa = PBXGroup;
			children = (
				C3BC14B0E67137307DF590E7 /* CreateWishlistView.swift */,
				1D56D4E5E4D1A5AAD33E9AE0 /* SharedWishlistsView.swift */,
				2CD82CFF837699A1D238F2EF /* WishlistDetailView.swift */,
				1F64A6CBD5F2F69FDD4C6EF9 /* WishlistsNavigationView.swift */,
				B3E20E2D3670EC6441129DDC /* WishlistsView.swift */,
			);
			path = Views;
			sourceTree = "<group>";
		};
		7EB2833F8093D7FDF3BA5548 /* Products */ = {
			isa = PBXGroup;
			children = (
				7F0B4C7BC8F8A9E208E37120 /* WishWithMe.app */,
				6C9DC7BE41D85CCF2B0A604C /* WishWithMeTests.xctest */,
				E4D475401DA1D2126ED40701 /* WishWithMeUITests.xctest */,
			);
			name = Products;
			sourceTree = "<group>";
		};
		8899AD1414D6E39D2619A937 /* Models */ = {
			isa = PBXGroup;
			children = (
				1F777E510BED3A5433C7A084 /* SyncOperation.swift */,
				20730FB7B9539CF5C83DC96C /* User.swift */,
				5C4FD76D1033597C689715CF /* Wishlist.swift */,
				E2206A0889E47DAA18C0E152 /* WishlistItem.swift */,
			);
			path = Models;
			sourceTree = "<group>";
		};
		8EB298E80163BBBEE8E9E1DA /* Auth */ = {
			isa = PBXGroup;
			children = (
				6BF011ADA276AEE36EEA294D /* AuthManager.swift */,
				2521743D429F223440C3ABB6 /* KeychainService.swift */,
			);
			path = Auth;
			sourceTree = "<group>";
		};
		9A61718A5629C76B640E0E6C /* ViewModels */ = {
			isa = PBXGroup;
			children = (
			);
			path = ViewModels;
			sourceTree = "<group>";
		};
		9C47C5A37EA13385D114FD15 /* ModelTests */ = {
			isa = PBXGroup;
			children = (
			);
			path = ModelTests;
			sourceTree = "<group>";
		};
		A3A946D6D81DD459F7E7CE8E /* Core */ = {
			isa = PBXGroup;
			children = (
				8EB298E80163BBBEE8E9E1DA /* Auth */,
				AE70EB0F59056BD3DACADE82 /* DI */,
				5045633E4CE0E96969AB838F /* Extensions */,
				CE8DD7B7A10EB19FB994CF2B /* Navigation */,
				B17DC97AF05F77B999A9A031 /* Network */,
				7464C97B45DC845C32F36836 /* Persistence */,
			);
			path = Core;
			sourceTree = "<group>";
		};
		A406A27D2DE51CB586D3C44B /* WishWithMeUITests */ = {
			isa = PBXGroup;
			children = (
				9B42AF8C88A0D5668A3C71F4 /* Info.plist */,
			);
			path = WishWithMeUITests;
			sourceTree = "<group>";
		};
		A617DE719900EBF4507B2027 = {
			isa = PBXGroup;
			children = (
				73797E812C28C4955953C5E9 /* WishWithMe */,
				27DC1912C608E7C618C493C0 /* WishWithMeTests */,
				A406A27D2DE51CB586D3C44B /* WishWithMeUITests */,
				7EB2833F8093D7FDF3BA5548 /* Products */,
			);
			sourceTree = "<group>";
		};
		A92339BF17A460289C4D28D4 /* ViewModels */ = {
			isa = PBXGroup;
			children = (
			);
			path = ViewModels;
			sourceTree = "<group>";
		};
		AE70EB0F59056BD3DACADE82 /* DI */ = {
			isa = PBXGroup;
			children = (
				1E2A8057238F424BAF08373C /* DependencyContainer.swift */,
			);
			path = DI;
			sourceTree = "<group>";
		};
		B17DC97AF05F77B999A9A031 /* Network */ = {
			isa = PBXGroup;
			children = (
				B02D679C1CAA712E5A796A2D /* APIClient.swift */,
				070ED48B3C2C08ABFD78B7FB /* APIEndpoint.swift */,
				31AB3160A1ABBDFC2B463D17 /* APIError.swift */,
				C60CB3F316EFAEEEBFE70279 /* NetworkMonitor.swift */,
			);
			path = Network;
			sourceTree = "<group>";
		};
		B31F47594060A871A2BB2A18 /* Sharing */ = {
			isa = PBXGroup;
			children = (
				4A0E54B403BC8DDF974E38A7 /* ViewModels */,
				704C135217A899ABAE70C482 /* Views */,
			);
			path = Sharing;
			sourceTree = "<group>";
		};
		B70736D81FA39C7FD3B8D775 /* App */ = {
			isa = PBXGroup;
			children = (
				4B3A223C45845C16B35F2C30 /* MainTabView.swift */,
				B16BC562E14227077EF35DD1 /* RootView.swift */,
				D577CEA9ECA0C1D62FC4EDA9 /* WishWithMeApp.swift */,
			);
			path = App;
			sourceTree = "<group>";
		};
		CE8DD7B7A10EB19FB994CF2B /* Navigation */ = {
			isa = PBXGroup;
			children = (
				98D2DD0C7810392F2C93C6AD /* NavigationCoordinator.swift */,
			);
			path = Navigation;
			sourceTree = "<group>";
		};
		CFF78261488AA05382F73980 /* ViewModels */ = {
			isa = PBXGroup;
			children = (
			);
			path = ViewModels;
			sourceTree = "<group>";
		};
		D00F5D9A51188815EEB1B4FD /* Views */ = {
			isa = PBXGroup;
			children = (
				C68193E31E9CEEA351CC730E /* ItemDetailView.swift */,
			);
			path = Views;
			sourceTree = "<group>";
		};
		E34155B6B1242C28F055F039 /* ViewModels */ = {
			isa = PBXGroup;
			children = (
			);
			path = ViewModels;
			sourceTree = "<group>";
		};
		E400157E8803BD23C86C5040 /* APIClientTests */ = {
			isa = PBXGroup;
			children = (
			);
			path = APIClientTests;
			sourceTree = "<group>";
		};
		E512E25F6BCE673F692AE36C /* Auth */ = {
			isa = PBXGroup;
			children = (
				631CF8EE96B5F67D794E7263 /* ViewModels */,
				FC91D9391A62CC32E9CA3A2F /* Views */,
			);
			path = Auth;
			sourceTree = "<group>";
		};
		FC1FB1CC875000E18E25354D /* Wishlists */ = {
			isa = PBXGroup;
			children = (
				E34155B6B1242C28F055F039 /* ViewModels */,
				78B1D5B932D40A304FCA2C37 /* Views */,
			);
			path = Wishlists;
			sourceTree = "<group>";
		};
		FC91D9391A62CC32E9CA3A2F /* Views */ = {
			isa = PBXGroup;
			children = (
				6CBE25304F9D3E405E1D5080 /* AuthenticationView.swift */,
			);
			path = Views;
			sourceTree = "<group>";
		};
/* End PBXGroup section */

/* Begin PBXNativeTarget section */
		5B169601E1A38757C2902BE5 /* WishWithMeTests */ = {
			isa = PBXNativeTarget;
			buildConfigurationList = C7B5593A3573F741BEB0BEF9 /* Build configuration list for PBXNativeTarget "WishWithMeTests" */;
			buildPhases = (
				0039D5A61822E4E86DAB542C /* Sources */,
			);
			buildRules = (
			);
			dependencies = (
				389AB387B4A8790D7FF2B5A6 /* PBXTargetDependency */,
			);
			name = WishWithMeTests;
			packageProductDependencies = (
			);
			productName = WishWithMeTests;
			productReference = 6C9DC7BE41D85CCF2B0A604C /* WishWithMeTests.xctest */;
			productType = "com.apple.product-type.bundle.unit-test";
		};
		C6706A95E028B235C1E1E2EF /* WishWithMe */ = {
			isa = PBXNativeTarget;
			buildConfigurationList = EDFC566883535C25212611D0 /* Build configuration list for PBXNativeTarget "WishWithMe" */;
			buildPhases = (
				03CB8A444BAB70EA1C5183F1 /* Sources */,
				38DC4B437765B8AA09F106A9 /* Resources */,
				10F0BDE8D0D558F05A357E42 /* Frameworks */,
			);
			buildRules = (
			);
			dependencies = (
			);
			name = WishWithMe;
			packageProductDependencies = (
				A41A08958997463913990A50 /* KeychainAccess */,
				60E8F52D8982761F7A1EB8AA /* Kingfisher */,
			);
			productName = WishWithMe;
			productReference = 7F0B4C7BC8F8A9E208E37120 /* WishWithMe.app */;
			productType = "com.apple.product-type.application";
		};
		ED61BF0DC3BBBFBE8BB8E545 /* WishWithMeUITests */ = {
			isa = PBXNativeTarget;
			buildConfigurationList = 1F6307D992A88CB685F8A135 /* Build configuration list for PBXNativeTarget "WishWithMeUITests" */;
			buildPhases = (
				22B877D177EE5715EC12B1C0 /* Sources */,
			);
			buildRules = (
			);
			dependencies = (
				D75C65BC7FB448FA42551618 /* PBXTargetDependency */,
			);
			name = WishWithMeUITests;
			packageProductDependencies = (
			);
			productName = WishWithMeUITests;
			productReference = E4D475401DA1D2126ED40701 /* WishWithMeUITests.xctest */;
			productType = "com.apple.product-type.bundle.ui-testing";
		};
/* End PBXNativeTarget section */

/* Begin PBXProject section */
		2EBC0773DE924ECB45785F72 /* Project object */ = {
			isa = PBXProject;
			attributes = {
				BuildIndependentTargetsInParallel = YES;
				LastUpgradeCheck = 1520;
				TargetAttributes = {
					5B169601E1A38757C2902BE5 = {
						DevelopmentTeam = "";
					};
					C6706A95E028B235C1E1E2EF = {
						DevelopmentTeam = "";
						ProvisioningStyle = Automatic;
					};
					ED61BF0DC3BBBFBE8BB8E545 = {
						DevelopmentTeam = "";
						TestTargetID = C6706A95E028B235C1E1E2EF;
					};
				};
			};
			buildConfigurationList = 6008FA635A568C0924850899 /* Build configuration list for PBXProject "WishWithMe" */;
			compatibilityVersion = "Xcode 14.0";
			developmentRegion = en;
			hasScannedForEncodings = 0;
			knownRegions = (
				Base,
				en,
				ru,
			);
			mainGroup = A617DE719900EBF4507B2027;
			minimizedProjectReferenceProxies = 1;
			packageReferences = (
				E943A921BACB2AD5E8EB50B9 /* XCRemoteSwiftPackageReference "KeychainAccess" */,
				8BB6B1C62832BB0D5C768CE1 /* XCRemoteSwiftPackageReference "Kingfisher" */,
			);
			preferredProjectObjectVersion = 77;
			projectDirPath = "";
			projectRoot = "";
			targets = (
				C6706A95E028B235C1E1E2EF /* WishWithMe */,
				5B169601E1A38757C2902BE5 /* WishWithMeTests */,
				ED61BF0DC3BBBFBE8BB8E545 /* WishWithMeUITests */,
			);
		};
/* End PBXProject section */

/* Begin PBXResourcesBuildPhase section */
		38DC4B437765B8AA09F106A9 /* Resources */ = {
			isa = PBXResourcesBuildPhase;
			buildActionMask = 2147483647;
			files = (
				47D4493F9E160DE8EEB1DC78 /* Assets.xcassets in Resources */,
				5C508646A400E1E62B8C57FB /* Localizable.strings in Resources */,
			);
			runOnlyForDeploymentPostprocessing = 0;
		};
/* End PBXResourcesBuildPhase section */

/* Begin PBXSourcesBuildPhase section */
		0039D5A61822E4E86DAB542C /* Sources */ = {
			isa = PBXSourcesBuildPhase;
			buildActionMask = 2147483647;
			files = (
			);
			runOnlyForDeploymentPostprocessing = 0;
		};
		03CB8A444BAB70EA1C5183F1 /* Sources */ = {
			isa = PBXSourcesBuildPhase;
			buildActionMask = 2147483647;
			files = (
				1F63CD599174028CBADF9C1D /* APIClient.swift in Sources */,
				E979080C1635096447D3CCCD /* APIEndpoint.swift in Sources */,
				EE903A88552FFFA99DA05AE8 /* APIError.swift in Sources */,
				FAB2B3D9E655CE4D838D9FD4 /* AuthManager.swift in Sources */,
				7F77D5CD9F7AB0B15BFCBB7E /* AuthenticationView.swift in Sources */,
				78A07E078298173B4568D644 /* Color+App.swift in Sources */,
				B561EB6EF0CA5D1543435B78 /* CreateWishlistView.swift in Sources */,
				12A5BE09CB21185E95ED9FB0 /* DataController.swift in Sources */,
				51A48FED941BF96B2D6AAB05 /* DependencyContainer.swift in Sources */,
				F80397445F2D6C6D05700CAD /* EditProfileView.swift in Sources */,
				B89047D20BA2F3A5537CB435 /* ItemDetailView.swift in Sources */,
				B5A7DCD4C936079009EEAFFB /* KeychainService.swift in Sources */,
				9C22DE6FC46EA1F9B98169BA /* MainTabView.swift in Sources */,
				73F30B4E6B60CF3116847B92 /* NavigationCoordinator.swift in Sources */,
				8EE52BACC339084679433C7F /* NetworkMonitor.swift in Sources */,
				166315834731EC0D5BFCC7B3 /* ProfileNavigationView.swift in Sources */,
				2FCA09904E37622149AB383E /* ProfileView.swift in Sources */,
				B5D9360CEA5ACF1559245BF7 /* RootView.swift in Sources */,
				41D5AC089F9B06ADBC2F752C /* SettingsView.swift in Sources */,
				86C605F5CD3C70658CE4D557 /* SharedWishlistsView.swift in Sources */,
				BB971E1E98328A60BAFB8654 /* SyncOperation.swift in Sources */,
				003BF18315D7A8A5C765B139 /* User.swift in Sources */,
				629ED2B3450601D44A198638 /* ViewState.swift in Sources */,
				CD815A7D6681D214DF4182E4 /* WishWithMeApp.swift in Sources */,
				0483F1AC6D52EE3FF4DB65CA /* Wishlist.swift in Sources */,
				DDE833985392AF1756975F93 /* WishlistDetailView.swift in Sources */,
				6BA5811E25A1FFE9561B4CF2 /* WishlistItem.swift in Sources */,
				335D08C1CF9A56B5813CE2DB /* WishlistsNavigationView.swift in Sources */,
				33558C0C2EF046442E9ACA0D /* WishlistsView.swift in Sources */,
			);
			runOnlyForDeploymentPostprocessing = 0;
		};
		22B877D177EE5715EC12B1C0 /* Sources */ = {
			isa = PBXSourcesBuildPhase;
			buildActionMask = 2147483647;
			files = (
			);
			runOnlyForDeploymentPostprocessing = 0;
		};
/* End PBXSourcesBuildPhase section */

/* Begin PBXTargetDependency section */
		389AB387B4A8790D7FF2B5A6 /* PBXTargetDependency */ = {
			isa = PBXTargetDependency;
			target = C6706A95E028B235C1E1E2EF /* WishWithMe */;
			targetProxy = F9093ED56D2F1754F73D3F25 /* PBXContainerItemProxy */;
		};
		D75C65BC7FB448FA42551618 /* PBXTargetDependency */ = {
			isa = PBXTargetDependency;
			target = C6706A95E028B235C1E1E2EF /* WishWithMe */;
			targetProxy = D4D11B1F5121995B2AEEB549 /* PBXContainerItemProxy */;
		};
/* End PBXTargetDependency section */

/* Begin PBXVariantGroup section */
		34A17F0E36E2800CEE4C1EF7 /* Localizable.strings */ = {
			isa = PBXVariantGroup;
			children = (
				50DB029165CCABD833F2CA48 /* en */,
				6138D541D936035F7E6456FF /* ru */,
			);
			name = Localizable.strings;
			sourceTree = "<group>";
		};
/* End PBXVariantGroup section */

/* Begin XCBuildConfiguration section */
		3BE1F4EDBAA296BAE38C3269 /* Release */ = {
			isa = XCBuildConfiguration;
			buildSettings = {
				ASSETCATALOG_COMPILER_APPICON_NAME = AppIcon;
				CODE_SIGN_ENTITLEMENTS = WishWithMe/Resources/WishWithMe.entitlements;
				CODE_SIGN_IDENTITY = "iPhone Developer";
				CODE_SIGN_STYLE = Automatic;
				CURRENT_PROJECT_VERSION = 1;
				INFOPLIST_FILE = WishWithMe/Resources/Info.plist;
				LD_RUNPATH_SEARCH_PATHS = (
					"$(inherited)",
					"@executable_path/Frameworks",
				);
				MARKETING_VERSION = 1.0.0;
				PRODUCT_BUNDLE_IDENTIFIER = com.wishwithme.app;
				SDKROOT = iphoneos;
				SUPPORTS_XR_DESIGNED_FOR_IPHONE_IPAD = NO;
				TARGETED_DEVICE_FAMILY = "1,2";
			};
			name = Release;
		};
		52D74ABC55120645B6950A18 /* Debug */ = {
			isa = XCBuildConfiguration;
			buildSettings = {
				ALWAYS_SEARCH_USER_PATHS = NO;
				CLANG_ANALYZER_NONNULL = YES;
				CLANG_ANALYZER_NUMBER_OBJECT_CONVERSION = YES_AGGRESSIVE;
				CLANG_CXX_LANGUAGE_STANDARD = "gnu++14";
				CLANG_CXX_LIBRARY = "libc++";
				CLANG_ENABLE_MODULES = YES;
				CLANG_ENABLE_OBJC_ARC = YES;
				CLANG_ENABLE_OBJC_WEAK = YES;
				CLANG_WARN_BLOCK_CAPTURE_AUTORELEASING = YES;
				CLANG_WARN_BOOL_CONVERSION = YES;
				CLANG_WARN_COMMA = YES;
				CLANG_WARN_CONSTANT_CONVERSION = YES;
				CLANG_WARN_DEPRECATED_OBJC_IMPLEMENTATIONS = YES;
				CLANG_WARN_DIRECT_OBJC_ISA_USAGE = YES_ERROR;
				CLANG_WARN_DOCUMENTATION_COMMENTS = YES;
				CLANG_WARN_EMPTY_BODY = YES;
				CLANG_WARN_ENUM_CONVERSION = YES;
				CLANG_WARN_INFINITE_RECURSION = YES;
				CLANG_WARN_INT_CONVERSION = YES;
				CLANG_WARN_NON_LITERAL_NULL_CONVERSION = YES;
				CLANG_WARN_OBJC_IMPLICIT_RETAIN_SELF = YES;
				CLANG_WARN_OBJC_LITERAL_CONVERSION = YES;
				CLANG_WARN_OBJC_ROOT_CLASS = YES_ERROR;
				CLANG_WARN_QUOTED_INCLUDE_IN_FRAMEWORK_HEADER = YES;
				CLANG_WARN_RANGE_LOOP_ANALYSIS = YES;
				CLANG_WARN_STRICT_PROTOTYPES = YES;
				CLANG_WARN_SUSPICIOUS_MOVE = YES;
				CLANG_WARN_UNGUARDED_AVAILABILITY = YES_AGGRESSIVE;
				CLANG_WARN_UNREACHABLE_CODE = YES;
				CLANG_WARN__DUPLICATE_METHOD_MATCH = YES;
				COPY_PHASE_STRIP = NO;
				DEBUG_INFORMATION_FORMAT = "dwarf-with-dsym";
				DEVELOPMENT_TEAM = "";
				ENABLE_PREVIEWS = YES;
				ENABLE_STRICT_OBJC_MSGSEND = YES;
				ENABLE_TESTABILITY = YES;
				GCC_C_LANGUAGE_STANDARD = gnu11;
				GCC_DYNAMIC_NO_PIC = NO;
				GCC_NO_COMMON_BLOCKS = YES;
				GCC_OPTIMIZATION_LEVEL = 0;
				GCC_PREPROCESSOR_DEFINITIONS = (
					"$(inherited)",
					"DEBUG=1",
				);
				GCC_WARN_64_TO_32_BIT_CONVERSION = YES;
				GCC_WARN_ABOUT_RETURN_TYPE = YES_ERROR;
				GCC_WARN_UNDECLARED_SELECTOR = YES;
				GCC_WARN_UNINITIALIZED_AUTOS = YES_AGGRESSIVE;
				GCC_WARN_UNUSED_FUNCTION = YES;
				GCC_WARN_UNUSED_VARIABLE = YES;
				IPHONEOS_DEPLOYMENT_TARGET = 17.0;
				MTL_ENABLE_DEBUG_INFO = INCLUDE_SOURCE;
				MTL_FAST_MATH = YES;
				ONLY_ACTIVE_ARCH = YES;
				PRODUCT_NAME = "$(TARGET_NAME)";
				SDKROOT = iphoneos;
				SWIFT_ACTIVE_COMPILATION_CONDITIONS = DEBUG;
				SWIFT_OPTIMIZATION_LEVEL = "-Onone";
				SWIFT_STRICT_CONCURRENCY = complete;
				SWIFT_VERSION = 5.9;
			};
			name = Debug;
		};
		5B7621CABFFC84B957BECAD3 /* Release */ = {
			isa = XCBuildConfiguration;
			buildSettings = {
				BUNDLE_LOADER = "$(TEST_HOST)";
				INFOPLIST_FILE = WishWithMeTests/Info.plist;
				LD_RUNPATH_SEARCH_PATHS = (
					"$(inherited)",
					"@executable_path/Frameworks",
					"@loader_path/Frameworks",
				);
				PRODUCT_BUNDLE_IDENTIFIER = com.wishwithme.app.tests;
				SDKROOT = iphoneos;
				TARGETED_DEVICE_FAMILY = "1,2";
				TEST_HOST = "$(BUILT_PRODUCTS_DIR)/WishWithMe.app/WishWithMe";
			};
			name = Release;
		};
		66E7FBB89902B363B908D3F9 /* Release */ = {
			isa = XCBuildConfiguration;
			buildSettings = {
				BUNDLE_LOADER = "$(TEST_HOST)";
				INFOPLIST_FILE = WishWithMeUITests/Info.plist;
				LD_RUNPATH_SEARCH_PATHS = (
					"$(inherited)",
					"@executable_path/Frameworks",
					"@loader_path/Frameworks",
				);
				PRODUCT_BUNDLE_IDENTIFIER = com.wishwithme.app.uitests;
				SDKROOT = iphoneos;
				TARGETED_DEVICE_FAMILY = "1,2";
				TEST_TARGET_NAME = WishWithMe;
			};
			name = Release;
		};
		A9F61FEE7050EA1D0CD49E5F /* Debug */ = {
			isa = XCBuildConfiguration;
			buildSettings = {
				BUNDLE_LOADER = "$(TEST_HOST)";
				INFOPLIST_FILE = WishWithMeTests/Info.plist;
				LD_RUNPATH_SEARCH_PATHS = (
					"$(inherited)",
					"@executable_path/Frameworks",
					"@loader_path/Frameworks",
				);
				PRODUCT_BUNDLE_IDENTIFIER = com.wishwithme.app.tests;
				SDKROOT = iphoneos;
				TARGETED_DEVICE_FAMILY = "1,2";
				TEST_HOST = "$(BUILT_PRODUCTS_DIR)/WishWithMe.app/WishWithMe";
			};
			name = Debug;
		};
		B630026BED33EAB10D758ED0 /* Debug */ = {
			isa = XCBuildConfiguration;
			buildSettings = {
				BUNDLE_LOADER = "$(TEST_HOST)";
				INFOPLIST_FILE = WishWithMeUITests/Info.plist;
				LD_RUNPATH_SEARCH_PATHS = (
					"$(inherited)",
					"@executable_path/Frameworks",
					"@loader_path/Frameworks",
				);
				PRODUCT_BUNDLE_IDENTIFIER = com.wishwithme.app.uitests;
				SDKROOT = iphoneos;
				TARGETED_DEVICE_FAMILY = "1,2";
				TEST_TARGET_NAME = WishWithMe;
			};
			name = Debug;
		};
		C93044CE4A0D873C2C6F3FC1 /* Debug */ = {
			isa = XCBuildConfiguration;
			buildSettings = {
				ASSETCATALOG_COMPILER_APPICON_NAME = AppIcon;
				CODE_SIGN_ENTITLEMENTS = WishWithMe/Resources/WishWithMe.entitlements;
				CODE_SIGN_IDENTITY = "iPhone Developer";
				CODE_SIGN_STYLE = Automatic;
				CURRENT_PROJECT_VERSION = 1;
				INFOPLIST_FILE = WishWithMe/Resources/Info.plist;
				LD_RUNPATH_SEARCH_PATHS = (
					"$(inherited)",
					"@executable_path/Frameworks",
				);
				MARKETING_VERSION = 1.0.0;
				PRODUCT_BUNDLE_IDENTIFIER = com.wishwithme.app;
				SDKROOT = iphoneos;
				SUPPORTS_XR_DESIGNED_FOR_IPHONE_IPAD = NO;
				TARGETED_DEVICE_FAMILY = "1,2";
			};
			name = Debug;
		};
		D1D45FD38BD13F748D1FA5EA /* Release */ = {
			isa = XCBuildConfiguration;
			buildSettings = {
				ALWAYS_SEARCH_USER_PATHS = NO;
				CLANG_ANALYZER_NONNULL = YES;
				CLANG_ANALYZER_NUMBER_OBJECT_CONVERSION = YES_AGGRESSIVE;
				CLANG_CXX_LANGUAGE_STANDARD = "gnu++14";
				CLANG_CXX_LIBRARY = "libc++";
				CLANG_ENABLE_MODULES = YES;
				CLANG_ENABLE_OBJC_ARC = YES;
				CLANG_ENABLE_OBJC_WEAK = YES;
				CLANG_WARN_BLOCK_CAPTURE_AUTORELEASING = YES;
				CLANG_WARN_BOOL_CONVERSION = YES;
				CLANG_WARN_COMMA = YES;
				CLANG_WARN_CONSTANT_CONVERSION = YES;
				CLANG_WARN_DEPRECATED_OBJC_IMPLEMENTATIONS = YES;
				CLANG_WARN_DIRECT_OBJC_ISA_USAGE = YES_ERROR;
				CLANG_WARN_DOCUMENTATION_COMMENTS = YES;
				CLANG_WARN_EMPTY_BODY = YES;
				CLANG_WARN_ENUM_CONVERSION = YES;
				CLANG_WARN_INFINITE_RECURSION = YES;
				CLANG_WARN_INT_CONVERSION = YES;
				CLANG_WARN_NON_LITERAL_NULL_CONVERSION = YES;
				CLANG_WARN_OBJC_IMPLICIT_RETAIN_SELF = YES;
				CLANG_WARN_OBJC_LITERAL_CONVERSION = YES;
				CLANG_WARN_OBJC_ROOT_CLASS = YES_ERROR;
				CLANG_WARN_QUOTED_INCLUDE_IN_FRAMEWORK_HEADER = YES;
				CLANG_WARN_RANGE_LOOP_ANALYSIS = YES;
				CLANG_WARN_STRICT_PROTOTYPES = YES;
				CLANG_WARN_SUSPICIOUS_MOVE = YES;
				CLANG_WARN_UNGUARDED_AVAILABILITY = YES_AGGRESSIVE;
				CLANG_WARN_UNREACHABLE_CODE = YES;
				CLANG_WARN__DUPLICATE_METHOD_MATCH = YES;
				COPY_PHASE_STRIP = NO;
				DEBUG_INFORMATION_FORMAT = "dwarf-with-dsym";
				DEVELOPMENT_TEAM = "";
				ENABLE_NS_ASSERTIONS = NO;
				ENABLE_PREVIEWS = YES;
				ENABLE_STRICT_OBJC_MSGSEND = YES;
				GCC_C_LANGUAGE_STANDARD = gnu11;
				GCC_NO_COMMON_BLOCKS = YES;
				GCC_WARN_64_TO_32_BIT_CONVERSION = YES;
				GCC_WARN_ABOUT_RETURN_TYPE = YES_ERROR;
				GCC_WARN_UNDECLARED_SELECTOR = YES;
				GCC_WARN_UNINITIALIZED_AUTOS = YES_AGGRESSIVE;
				GCC_WARN_UNUSED_FUNCTION = YES;
				GCC_WARN_UNUSED_VARIABLE = YES;
				IPHONEOS_DEPLOYMENT_TARGET = 17.0;
				MTL_ENABLE_DEBUG_INFO = NO;
				MTL_FAST_MATH = YES;
				PRODUCT_NAME = "$(TARGET_NAME)";
				SDKROOT = iphoneos;
				SWIFT_COMPILATION_MODE = wholemodule;
				SWIFT_OPTIMIZATION_LEVEL = "-O";
				SWIFT_STRICT_CONCURRENCY = complete;
				SWIFT_VERSION = 5.9;
			};
			name = Release;
		};
/* End XCBuildConfiguration section */

/* Begin XCConfigurationList section */
		1F6307D992A88CB685F8A135 /* Build configuration list for PBXNativeTarget "WishWithMeUITests" */ = {
			isa = XCConfigurationList;
			buildConfigurations = (
				B630026BED33EAB10D758ED0 /* Debug */,
				66E7FBB89902B363B908D3F9 /* Release */,
			);
			defaultConfigurationIsVisible = 0;
			defaultConfigurationName = Debug;
		};
		6008FA635A568C0924850899 /* Build configuration list for PBXProject "WishWithMe" */ = {
			isa = XCConfigurationList;
			buildConfigurations = (
				52D74ABC55120645B6950A18 /* Debug */,
				D1D45FD38BD13F748D1FA5EA /* Release */,
			);
			defaultConfigurationIsVisible = 0;
			defaultConfigurationName = Debug;
		};
		C7B5593A3573F741BEB0BEF9 /* Build configuration list for PBXNativeTarget "WishWithMeTests" */ = {
			isa = XCConfigurationList;
			buildConfigurations = (
				A9F61FEE7050EA1D0CD49E5F /* Debug */,
				5B7621CABFFC84B957BECAD3 /* Release */,
			);
			defaultConfigurationIsVisible = 0;
			defaultConfigurationName = Debug;
		};
		EDFC566883535C25212611D0 /* Build configuration list for PBXNativeTarget "WishWithMe" */ = {
			isa = XCConfigurationList;
			buildConfigurations = (
				C93044CE4A0D873C2C6F3FC1 /* Debug */,
				3BE1F4EDBAA296BAE38C3269 /* Release */,
			);
			defaultConfigurationIsVisible = 0;
			defaultConfigurationName = Debug;
		};
/* End XCConfigurationList section */

/* Begin XCRemoteSwiftPackageReference section */
		8BB6B1C62832BB0D5C768CE1 /* XCRemoteSwiftPackageReference "Kingfisher" */ = {
			isa = XCRemoteSwiftPackageReference;
			repositoryURL = "https://github.com/onevcat/Kingfisher.git";
			requirement = {
				kind = upToNextMajorVersion;
				minimumVersion = 7.10.0;
			};
		};
		E943A921BACB2AD5E8EB50B9 /* XCRemoteSwiftPackageReference "KeychainAccess" */ = {
			isa = XCRemoteSwiftPackageReference;
			repositoryURL = "https://github.com/kishikawakatsumi/KeychainAccess.git";
			requirement = {
				kind = upToNextMajorVersion;
				minimumVersion = 4.2.0;
			};
		};
/* End XCRemoteSwiftPackageReference section */

/* Begin XCSwiftPackageProductDependency section */
		60E8F52D8982761F7A1EB8AA /* Kingfisher */ = {
			isa = XCSwiftPackageProductDependency;
			package = 8BB6B1C62832BB0D5C768CE1 /* XCRemoteSwiftPackageReference "Kingfisher" */;
			productName = Kingfisher;
		};
		A41A08958997463913990A50 /* KeychainAccess */ = {
			isa = XCSwiftPackageProductDependency;
			package = E943A921BACB2AD5E8EB50B9 /* XCRemoteSwiftPackageReference "KeychainAccess" */;
			productName = KeychainAccess;
		};
/* End XCSwiftPackageProductDependency section */
	};
	rootObject = 2EBC0773DE924ECB45785F72 /* Project object */;
}
